{
    "version": 3,
    "terraform_version": "0.11.8",
    "serial": 36,
    "lineage": "974f61cf-91fb-f69f-b8b8-c5d7f799d734",
    "modules": [
        {
            "path": [
                "root"
            ],
            "outputs": {},
            "resources": {},
            "depends_on": []
        },
        {
            "path": [
                "root",
                "app"
            ],
            "outputs": {},
            "resources": {
                "google_compute_address.app_ip": {
                    "type": "google_compute_address",
                    "depends_on": [],
                    "primary": {
                        "id": "first-210712/asia-east1/reddit-app-ip",
                        "attributes": {
                            "address": "35.194.154.35",
                            "address_type": "EXTERNAL",
                            "creation_timestamp": "2018-10-26T02:34:49.235-07:00",
                            "description": "",
                            "id": "first-210712/asia-east1/reddit-app-ip",
                            "label_fingerprint": "42WmSpB8rSM=",
                            "labels.%": "0",
                            "name": "reddit-app-ip",
                            "network_tier": "PREMIUM",
                            "project": "first-210712",
                            "region": "asia-east1",
                            "self_link": "https://www.googleapis.com/compute/v1/projects/first-210712/regions/asia-east1/addresses/reddit-app-ip",
                            "subnetwork": "",
                            "users.#": "0"
                        },
                        "meta": {
                            "e2bfb730-ecaa-11e6-8f88-34363bc7c4c0": {
                                "create": 240000000000,
                                "delete": 240000000000,
                                "update": 240000000000
                            }
                        },
                        "tainted": false
                    },
                    "deposed": [],
                    "provider": "provider.google"
                },
                "google_compute_instance.app": {
                    "type": "google_compute_instance",
                    "depends_on": [
                        "google_compute_address.app_ip"
                    ],
                    "primary": {
                        "id": "reddit-app",
                        "attributes": {
                            "attached_disk.#": "0",
                            "boot_disk.#": "1",
                            "boot_disk.0.auto_delete": "true",
                            "boot_disk.0.device_name": "persistent-disk-0",
                            "boot_disk.0.disk_encryption_key_raw": "",
                            "boot_disk.0.disk_encryption_key_sha256": "",
                            "boot_disk.0.initialize_params.#": "1",
                            "boot_disk.0.initialize_params.0.image": "https://www.googleapis.com/compute/v1/projects/first-210712/global/images/reddit-db-1540466834",
                            "boot_disk.0.initialize_params.0.size": "10",
                            "boot_disk.0.initialize_params.0.type": "pd-standard",
                            "boot_disk.0.source": "https://www.googleapis.com/compute/v1/projects/first-210712/zones/asia-east1-a/disks/reddit-app",
                            "can_ip_forward": "false",
                            "cpu_platform": "Intel Ivy Bridge",
                            "create_timeout": "4",
                            "deletion_protection": "false",
                            "guest_accelerator.#": "0",
                            "id": "reddit-app",
                            "instance_id": "2541706165624987946",
                            "label_fingerprint": "42WmSpB8rSM=",
                            "labels.%": "0",
                            "machine_type": "g1-small",
                            "metadata.%": "1",
                            "metadata.sshKeys": "appuser:ssh-rsa AAAAB3NzaC1yc2EAAAADAQABAAABAQCdax0kBps/GYxnWfICwA1xdY+e89AwECGD/dbLnRaf0PLbMQz038XRbLAiXMCB0aIlw2fWXulSHWduPfUkns6piXnrhgWcUIiAzbGJjTzi8ne4c/BNJhk5XSp8Y7K05DCASOOVq2ezw+dwUcggPoWkaeA7VieLFebk2X0kUKb0rMsrnIRw3WQAGBZ+TU4FazhfL7a6SJ3eGrgHo6SE5tCy8Gh8xPE5d4cA61KCMYG0OFJcHXmb0bbjG9DyU8u0UIN3qDC4foHYO5ZgJkdOSXPsgjJonXkyjriHtIHz/cEdUio7wcxH3t3eg4fmRBhGnamcZQyZWK1nmmsn0s9txXmF appuser\n",
                            "metadata_fingerprint": "J63FHffLIlU=",
                            "metadata_startup_script": "",
                            "min_cpu_platform": "",
                            "name": "reddit-app",
                            "network_interface.#": "1",
                            "network_interface.0.access_config.#": "1",
                            "network_interface.0.access_config.0.assigned_nat_ip": "35.194.154.35",
                            "network_interface.0.access_config.0.nat_ip": "35.194.154.35",
                            "network_interface.0.access_config.0.network_tier": "PREMIUM",
                            "network_interface.0.access_config.0.public_ptr_domain_name": "",
                            "network_interface.0.address": "10.140.0.3",
                            "network_interface.0.alias_ip_range.#": "0",
                            "network_interface.0.name": "nic0",
                            "network_interface.0.network": "https://www.googleapis.com/compute/v1/projects/first-210712/global/networks/default",
                            "network_interface.0.network_ip": "10.140.0.3",
                            "network_interface.0.subnetwork": "https://www.googleapis.com/compute/v1/projects/first-210712/regions/asia-east1/subnetworks/default",
                            "network_interface.0.subnetwork_project": "first-210712",
                            "project": "first-210712",
                            "scheduling.#": "1",
                            "scheduling.0.automatic_restart": "false",
                            "scheduling.0.on_host_maintenance": "MIGRATE",
                            "scheduling.0.preemptible": "false",
                            "scratch_disk.#": "0",
                            "self_link": "https://www.googleapis.com/compute/v1/projects/first-210712/zones/asia-east1-a/instances/reddit-app",
                            "service_account.#": "0",
                            "tags.#": "1",
                            "tags.1799682348": "reddit-app",
                            "tags_fingerprint": "M-ggixIz-AU=",
                            "zone": "asia-east1-a"
                        },
                        "meta": {
                            "e2bfb730-ecaa-11e6-8f88-34363bc7c4c0": {
                                "create": 360000000000,
                                "delete": 360000000000,
                                "update": 360000000000
                            },
                            "schema_version": "6"
                        },
                        "tainted": false
                    },
                    "deposed": [],
                    "provider": "provider.google"
                }
            },
            "depends_on": []
        },
        {
            "path": [
                "root",
                "db"
            ],
            "outputs": {},
            "resources": {
                "google_compute_instance.db": {
                    "type": "google_compute_instance",
                    "depends_on": [],
                    "primary": {
                        "id": "reddit-db",
                        "attributes": {
                            "attached_disk.#": "0",
                            "boot_disk.#": "1",
                            "boot_disk.0.auto_delete": "true",
                            "boot_disk.0.device_name": "persistent-disk-0",
                            "boot_disk.0.disk_encryption_key_raw": "",
                            "boot_disk.0.disk_encryption_key_sha256": "",
                            "boot_disk.0.initialize_params.#": "1",
                            "boot_disk.0.initialize_params.0.image": "https://www.googleapis.com/compute/v1/projects/first-210712/global/images/reddit-db-1540466526",
                            "boot_disk.0.initialize_params.0.size": "10",
                            "boot_disk.0.initialize_params.0.type": "pd-standard",
                            "boot_disk.0.source": "https://www.googleapis.com/compute/v1/projects/first-210712/zones/asia-east1-a/disks/reddit-db",
                            "can_ip_forward": "false",
                            "cpu_platform": "Intel Ivy Bridge",
                            "create_timeout": "4",
                            "deletion_protection": "false",
                            "guest_accelerator.#": "0",
                            "id": "reddit-db",
                            "instance_id": "1473704578300993877",
                            "label_fingerprint": "42WmSpB8rSM=",
                            "labels.%": "0",
                            "machine_type": "g1-small",
                            "metadata.%": "1",
                            "metadata.sshKeys": "appuser:ssh-rsa AAAAB3NzaC1yc2EAAAADAQABAAABAQCdax0kBps/GYxnWfICwA1xdY+e89AwECGD/dbLnRaf0PLbMQz038XRbLAiXMCB0aIlw2fWXulSHWduPfUkns6piXnrhgWcUIiAzbGJjTzi8ne4c/BNJhk5XSp8Y7K05DCASOOVq2ezw+dwUcggPoWkaeA7VieLFebk2X0kUKb0rMsrnIRw3WQAGBZ+TU4FazhfL7a6SJ3eGrgHo6SE5tCy8Gh8xPE5d4cA61KCMYG0OFJcHXmb0bbjG9DyU8u0UIN3qDC4foHYO5ZgJkdOSXPsgjJonXkyjriHtIHz/cEdUio7wcxH3t3eg4fmRBhGnamcZQyZWK1nmmsn0s9txXmF appuser\n",
                            "metadata_fingerprint": "J63FHffLIlU=",
                            "metadata_startup_script": "",
                            "min_cpu_platform": "",
                            "name": "reddit-db",
                            "network_interface.#": "1",
                            "network_interface.0.access_config.#": "1",
                            "network_interface.0.access_config.0.assigned_nat_ip": "35.185.156.48",
                            "network_interface.0.access_config.0.nat_ip": "35.185.156.48",
                            "network_interface.0.access_config.0.network_tier": "PREMIUM",
                            "network_interface.0.access_config.0.public_ptr_domain_name": "",
                            "network_interface.0.address": "10.140.0.2",
                            "network_interface.0.alias_ip_range.#": "0",
                            "network_interface.0.name": "nic0",
                            "network_interface.0.network": "https://www.googleapis.com/compute/v1/projects/first-210712/global/networks/default",
                            "network_interface.0.network_ip": "10.140.0.2",
                            "network_interface.0.subnetwork": "https://www.googleapis.com/compute/v1/projects/first-210712/regions/asia-east1/subnetworks/default",
                            "network_interface.0.subnetwork_project": "first-210712",
                            "project": "first-210712",
                            "scheduling.#": "1",
                            "scheduling.0.automatic_restart": "false",
                            "scheduling.0.on_host_maintenance": "MIGRATE",
                            "scheduling.0.preemptible": "false",
                            "scratch_disk.#": "0",
                            "self_link": "https://www.googleapis.com/compute/v1/projects/first-210712/zones/asia-east1-a/instances/reddit-db",
                            "service_account.#": "0",
                            "tags.#": "1",
                            "tags.2920033547": "reddit-db",
                            "tags_fingerprint": "NQyRUqL7UTU=",
                            "zone": "asia-east1-a"
                        },
                        "meta": {
                            "e2bfb730-ecaa-11e6-8f88-34363bc7c4c0": {
                                "create": 360000000000,
                                "delete": 360000000000,
                                "update": 360000000000
                            },
                            "schema_version": "6"
                        },
                        "tainted": false
                    },
                    "deposed": [],
                    "provider": "provider.google"
                }
            },
            "depends_on": []
        },
        {
            "path": [
                "root",
                "vpc"
            ],
            "outputs": {},
            "resources": {
                "google_compute_firewall.firewall_mongo": {
                    "type": "google_compute_firewall",
                    "depends_on": [],
                    "primary": {
                        "id": "allow-mongo-default",
                        "attributes": {
                            "allow.#": "1",
                            "allow.555053134.ports.#": "1",
                            "allow.555053134.ports.0": "27017",
                            "allow.555053134.protocol": "tcp",
                            "creation_timestamp": "2018-10-26T02:34:49.451-07:00",
                            "deny.#": "0",
                            "description": "",
                            "destination_ranges.#": "0",
                            "direction": "INGRESS",
                            "disabled": "false",
                            "enable_logging": "false",
                            "id": "allow-mongo-default",
                            "name": "allow-mongo-default",
                            "network": "https://www.googleapis.com/compute/v1/projects/first-210712/global/networks/default",
                            "priority": "1000",
                            "project": "first-210712",
                            "self_link": "https://www.googleapis.com/compute/v1/projects/first-210712/global/firewalls/allow-mongo-default",
                            "source_ranges.#": "0",
                            "source_service_accounts.#": "0",
                            "source_tags.#": "1",
                            "source_tags.1799682348": "reddit-app",
                            "target_service_accounts.#": "0",
                            "target_tags.#": "1",
                            "target_tags.2920033547": "reddit-db"
                        },
                        "meta": {
                            "e2bfb730-ecaa-11e6-8f88-34363bc7c4c0": {
                                "create": 240000000000,
                                "delete": 240000000000,
                                "update": 240000000000
                            },
                            "schema_version": "1"
                        },
                        "tainted": false
                    },
                    "deposed": [],
                    "provider": "provider.google"
                },
                "google_compute_firewall.firewall_ssh": {
                    "type": "google_compute_firewall",
                    "depends_on": [],
                    "primary": {
                        "id": "default-allow-ssh",
                        "attributes": {
                            "allow.#": "1",
                            "allow.803338340.ports.#": "1",
                            "allow.803338340.ports.0": "22",
                            "allow.803338340.protocol": "tcp",
                            "creation_timestamp": "2018-10-26T02:34:49.262-07:00",
                            "deny.#": "0",
                            "description": "Allow SSH frm anywhere",
                            "destination_ranges.#": "0",
                            "direction": "INGRESS",
                            "disabled": "false",
                            "enable_logging": "false",
                            "id": "default-allow-ssh",
                            "name": "default-allow-ssh",
                            "network": "https://www.googleapis.com/compute/v1/projects/first-210712/global/networks/default",
                            "priority": "1000",
                            "project": "first-210712",
                            "self_link": "https://www.googleapis.com/compute/v1/projects/first-210712/global/firewalls/default-allow-ssh",
                            "source_ranges.#": "1",
                            "source_ranges.1080289494": "0.0.0.0/0",
                            "source_service_accounts.#": "0",
                            "source_tags.#": "0",
                            "target_service_accounts.#": "0",
                            "target_tags.#": "0"
                        },
                        "meta": {
                            "e2bfb730-ecaa-11e6-8f88-34363bc7c4c0": {
                                "create": 240000000000,
                                "delete": 240000000000,
                                "update": 240000000000
                            },
                            "schema_version": "1"
                        },
                        "tainted": false
                    },
                    "deposed": [],
                    "provider": "provider.google"
                },
                "google_compute_firewall.reddit-app": {
                    "type": "google_compute_firewall",
                    "depends_on": [],
                    "primary": {
                        "id": "reddit-app",
                        "attributes": {
                            "allow.#": "1",
                            "allow.931060522.ports.#": "1",
                            "allow.931060522.ports.0": "9292",
                            "allow.931060522.protocol": "tcp",
                            "creation_timestamp": "2018-10-26T02:34:49.276-07:00",
                            "deny.#": "0",
                            "description": "Allow 9292 from anywhere",
                            "destination_ranges.#": "0",
                            "direction": "INGRESS",
                            "disabled": "false",
                            "enable_logging": "false",
                            "id": "reddit-app",
                            "name": "reddit-app",
                            "network": "https://www.googleapis.com/compute/v1/projects/first-210712/global/networks/default",
                            "priority": "1000",
                            "project": "first-210712",
                            "self_link": "https://www.googleapis.com/compute/v1/projects/first-210712/global/firewalls/reddit-app",
                            "source_ranges.#": "1",
                            "source_ranges.1080289494": "0.0.0.0/0",
                            "source_service_accounts.#": "0",
                            "source_tags.#": "0",
                            "target_service_accounts.#": "0",
                            "target_tags.#": "1",
                            "target_tags.1799682348": "reddit-app"
                        },
                        "meta": {
                            "e2bfb730-ecaa-11e6-8f88-34363bc7c4c0": {
                                "create": 240000000000,
                                "delete": 240000000000,
                                "update": 240000000000
                            },
                            "schema_version": "1"
                        },
                        "tainted": false
                    },
                    "deposed": [],
                    "provider": "provider.google"
                }
            },
            "depends_on": []
        }
    ]
}
